
Microsoft Visual Studio Solution File, Format Version 12.00
# Visual Studio Version 17
VisualStudioVersion = 17.7.34031.279
MinimumVisualStudioVersion = 10.0.40219.1
Project("{9A19103F-16F7-4668-BE54-9A1E7A4F7556}") = "PocketGoogle", "PocketGoogle.csproj", "{B1DA4026-40A5-4C89-B19B-796684190BD9}"
EndProject
Global
	GlobalSection(SolutionConfigurationPlatforms) = preSolution
		Debug|Any CPU = Debug|Any CPU
		Release|Any CPU = Release|Any CPU
	EndGlobalSection
	GlobalSection(ProjectConfigurationPlatforms) = postSolution
		{B1DA4026-40A5-4C89-B19B-796684190BD9}.Debug|Any CPU.ActiveCfg = Debug|Any CPU
		{B1DA4026-40A5-4C89-B19B-796684190BD9}.Debug|Any CPU.Build.0 = Debug|Any CPU
		{B1DA4026-40A5-4C89-B19B-796684190BD9}.Release|Any CPU.ActiveCfg = Release|Any CPU
		{B1DA4026-40A5-4C89-B19B-796684190BD9}.Release|Any CPU.Build.0 = Release|Any CPU
	EndGlobalSection
	GlobalSection(SolutionProperties) = preSolution
		HideSolutionNode = FALSE
	EndGlobalSection
	GlobalSection(ExtensibilityGlobals) = postSolution
		SolutionGuid = {A4030F86-EB03-48B8-AF18-43598B48F30E}
	EndGlobalSection
EndGlobal
